
Microsoft Visual Studio Solution File, Format Version 12.00
Project("{FAE04EC0-301F-11D3-BF4B-00C04F79EFBC}") = "ApplicationForm", "ApplicationForm\ApplicationForm.csproj", "{DBF9DB36-9AB7-4357-813A-88F0F4457CB8}"
EndProject
Global
	GlobalSection(SolutionConfigurationPlatforms) = preSolution
		Debug|Any CPU = Debug|Any CPU
		Release|Any CPU = Release|Any CPU
	EndGlobalSection
	GlobalSection(ProjectConfigurationPlatforms) = postSolution
		{DBF9DB36-9AB7-4357-813A-88F0F4457CB8}.Debug|Any CPU.ActiveCfg = Debug|Any CPU
		{DBF9DB36-9AB7-4357-813A-88F0F4457CB8}.Debug|Any CPU.Build.0 = Debug|Any CPU
		{DBF9DB36-9AB7-4357-813A-88F0F4457CB8}.Release|Any CPU.ActiveCfg = Release|Any CPU
		{DBF9DB36-9AB7-4357-813A-88F0F4457CB8}.Release|Any CPU.Build.0 = Release|Any CPU
	EndGlobalSection
EndGlobal
